{
  "name": "urbaniste",
  "version": "1.0.0",
  "lockfileVersion": 1,
  "requires": true,
  "dependencies": {
    "axis.js": {
      "version": "1.2.1",
      "resolved": "https://registry.npmjs.org/axis.js/-/axis.js-1.2.1.tgz",
      "integrity": "sha1-CS3oRJN4nh+CKqLu5ZLH47xN6Ps="
    },
    "honeycomb-grid": {
      "version": "3.1.3",
      "resolved": "https://registry.npmjs.org/honeycomb-grid/-/honeycomb-grid-3.1.3.tgz",
      "integrity": "sha512-HCl8bXBYLzpfPwz86eh7CGvXZDTSUQUsvh2Vth+ywCVD+v8sTBSxNJtSPJA99bx8K7gsyN16xsjTQc2DiXbFbQ==",
      "requires": {
        "axis.js": "1.2.1"
      }
    }
  }
}
